
Microsoft Visual Studio Solution File, Format Version 12.00
# Visual Studio 15
VisualStudioVersion = 15.0.27703.2042
MinimumVisualStudioVersion = 10.0.40219.1
Project("{8BC9CEB8-8B4A-11D0-8D11-00A0C91BC942}") = "TheCProject", "TheCProject\TheCProject.vcxproj", "{415C4190-516B-4C3F-A78C-46C870605968}"
EndProject
Global
	GlobalSection(SolutionConfigurationPlatforms) = preSolution
		Debug|x64 = Debug|x64
		Debug|x86 = Debug|x86
		Release|x64 = Release|x64
		Release|x86 = Release|x86
	EndGlobalSection
	GlobalSection(ProjectConfigurationPlatforms) = postSolution
		{415C4190-516B-4C3F-A78C-46C870605968}.Debug|x64.ActiveCfg = Debug|x64
		{415C4190-516B-4C3F-A78C-46C870605968}.Debug|x64.Build.0 = Debug|x64
		{415C4190-516B-4C3F-A78C-46C870605968}.Debug|x86.ActiveCfg = Debug|Win32
		{415C4190-516B-4C3F-A78C-46C870605968}.Debug|x86.Build.0 = Debug|Win32
		{415C4190-516B-4C3F-A78C-46C870605968}.Release|x64.ActiveCfg = Release|x64
		{415C4190-516B-4C3F-A78C-46C870605968}.Release|x64.Build.0 = Release|x64
		{415C4190-516B-4C3F-A78C-46C870605968}.Release|x86.ActiveCfg = Release|Win32
		{415C4190-516B-4C3F-A78C-46C870605968}.Release|x86.Build.0 = Release|Win32
	EndGlobalSection
	GlobalSection(SolutionProperties) = preSolution
		HideSolutionNode = FALSE
	EndGlobalSection
	GlobalSection(ExtensibilityGlobals) = postSolution
		SolutionGuid = {0DADF0D4-ABF6-46B1-8C66-76CF820D978A}
	EndGlobalSection
EndGlobal
